
Microsoft Visual Studio Solution File, Format Version 12.00
# Visual Studio Version 16
VisualStudioVersion = 16.0.30413.136
MinimumVisualStudioVersion = 10.0.40219.1
Project("{FAE04EC0-301F-11D3-BF4B-00C04F79EFBC}") = "MVCCoreContactForm", "MVCCoreContactForm\MVCCoreContactForm.csproj", "{A393DFED-5928-4687-8256-428A709B5796}"
EndProject
Global
	GlobalSection(SolutionConfigurationPlatforms) = preSolution
		Debug|Any CPU = Debug|Any CPU
		Release|Any CPU = Release|Any CPU
	EndGlobalSection
	GlobalSection(ProjectConfigurationPlatforms) = postSolution
		{A393DFED-5928-4687-8256-428A709B5796}.Debug|Any CPU.ActiveCfg = Debug|Any CPU
		{A393DFED-5928-4687-8256-428A709B5796}.Debug|Any CPU.Build.0 = Debug|Any CPU
		{A393DFED-5928-4687-8256-428A709B5796}.Release|Any CPU.ActiveCfg = Release|Any CPU
		{A393DFED-5928-4687-8256-428A709B5796}.Release|Any CPU.Build.0 = Release|Any CPU
	EndGlobalSection
	GlobalSection(SolutionProperties) = preSolution
		HideSolutionNode = FALSE
	EndGlobalSection
	GlobalSection(ExtensibilityGlobals) = postSolution
		SolutionGuid = {57D7B49D-68D4-4DA9-BC53-D1AF163F4F12}
	EndGlobalSection
EndGlobal
